
Microsoft Visual Studio Solution File, Format Version 12.00
# Visual Studio Version 16
VisualStudioVersion = 16.0.30711.63
MinimumVisualStudioVersion = 10.0.40219.1
Project("{FAE04EC0-301F-11D3-BF4B-00C04F79EFBC}") = "FactoryMethod", "FactoryMethod\FactoryMethod.csproj", "{40F157F7-C810-4380-916F-1A52F52C80F6}"
EndProject
Global
	GlobalSection(SolutionConfigurationPlatforms) = preSolution
		Debug|Any CPU = Debug|Any CPU
		Release|Any CPU = Release|Any CPU
	EndGlobalSection
	GlobalSection(ProjectConfigurationPlatforms) = postSolution
		{40F157F7-C810-4380-916F-1A52F52C80F6}.Debug|Any CPU.ActiveCfg = Debug|Any CPU
		{40F157F7-C810-4380-916F-1A52F52C80F6}.Debug|Any CPU.Build.0 = Debug|Any CPU
		{40F157F7-C810-4380-916F-1A52F52C80F6}.Release|Any CPU.ActiveCfg = Release|Any CPU
		{40F157F7-C810-4380-916F-1A52F52C80F6}.Release|Any CPU.Build.0 = Release|Any CPU
	EndGlobalSection
	GlobalSection(SolutionProperties) = preSolution
		HideSolutionNode = FALSE
	EndGlobalSection
	GlobalSection(ExtensibilityGlobals) = postSolution
		SolutionGuid = {53622EB4-05B0-442E-8394-97EB84163ECB}
	EndGlobalSection
EndGlobal
